
Microsoft Visual Studio Solution File, Format Version 12.00
Project("{FAE04EC0-301F-11D3-BF4B-00C04F79EFBC}") = "Volt", "Volt\Volt.csproj", "{1372BAC2-7E50-47CB-9EA2-1C4685D54601}"
EndProject
Project("{FAE04EC0-301F-11D3-BF4B-00C04F79EFBC}") = "Volt.Benchmarks", "Volt.Benchmarks\Volt.Benchmarks.csproj", "{6E7A48C7-D61B-4DA6-9F37-5D0762E6F49D}"
EndProject
Project("{FAE04EC0-301F-11D3-BF4B-00C04F79EFBC}") = "Volt.Tests", "Volt.Tests\Volt.Tests.csproj", "{77ED0328-FDFC-4D8E-8308-2A5AB453E699}"
EndProject
Global
	GlobalSection(SolutionConfigurationPlatforms) = preSolution
		Debug|Any CPU = Debug|Any CPU
		Debug|x64 = Debug|x64
		Debug|x86 = Debug|x86
		Release|Any CPU = Release|Any CPU
		Release|x64 = Release|x64
		Release|x86 = Release|x86
	EndGlobalSection
	GlobalSection(ProjectConfigurationPlatforms) = postSolution
		{1372BAC2-7E50-47CB-9EA2-1C4685D54601}.Debug|Any CPU.ActiveCfg = Debug|Any CPU
		{1372BAC2-7E50-47CB-9EA2-1C4685D54601}.Debug|Any CPU.Build.0 = Debug|Any CPU
		{1372BAC2-7E50-47CB-9EA2-1C4685D54601}.Debug|x64.ActiveCfg = Debug|Any CPU
		{1372BAC2-7E50-47CB-9EA2-1C4685D54601}.Debug|x64.Build.0 = Debug|Any CPU
		{1372BAC2-7E50-47CB-9EA2-1C4685D54601}.Debug|x86.ActiveCfg = Debug|Any CPU
		{1372BAC2-7E50-47CB-9EA2-1C4685D54601}.Debug|x86.Build.0 = Debug|Any CPU
		{1372BAC2-7E50-47CB-9EA2-1C4685D54601}.Release|Any CPU.ActiveCfg = Release|Any CPU
		{1372BAC2-7E50-47CB-9EA2-1C4685D54601}.Release|Any CPU.Build.0 = Release|Any CPU
		{1372BAC2-7E50-47CB-9EA2-1C4685D54601}.Release|x64.ActiveCfg = Release|Any CPU
		{1372BAC2-7E50-47CB-9EA2-1C4685D54601}.Release|x64.Build.0 = Release|Any CPU
		{1372BAC2-7E50-47CB-9EA2-1C4685D54601}.Release|x86.ActiveCfg = Release|Any CPU
		{1372BAC2-7E50-47CB-9EA2-1C4685D54601}.Release|x86.Build.0 = Release|Any CPU
		{6E7A48C7-D61B-4DA6-9F37-5D0762E6F49D}.Debug|Any CPU.ActiveCfg = Debug|Any CPU
		{6E7A48C7-D61B-4DA6-9F37-5D0762E6F49D}.Debug|Any CPU.Build.0 = Debug|Any CPU
		{6E7A48C7-D61B-4DA6-9F37-5D0762E6F49D}.Debug|x64.ActiveCfg = Debug|Any CPU
		{6E7A48C7-D61B-4DA6-9F37-5D0762E6F49D}.Debug|x64.Build.0 = Debug|Any CPU
		{6E7A48C7-D61B-4DA6-9F37-5D0762E6F49D}.Debug|x86.ActiveCfg = Debug|Any CPU
		{6E7A48C7-D61B-4DA6-9F37-5D0762E6F49D}.Debug|x86.Build.0 = Debug|Any CPU
		{6E7A48C7-D61B-4DA6-9F37-5D0762E6F49D}.Release|Any CPU.ActiveCfg = Release|Any CPU
		{6E7A48C7-D61B-4DA6-9F37-5D0762E6F49D}.Release|Any CPU.Build.0 = Release|Any CPU
		{6E7A48C7-D61B-4DA6-9F37-5D0762E6F49D}.Release|x64.ActiveCfg = Release|Any CPU
		{6E7A48C7-D61B-4DA6-9F37-5D0762E6F49D}.Release|x64.Build.0 = Release|Any CPU
		{6E7A48C7-D61B-4DA6-9F37-5D0762E6F49D}.Release|x86.ActiveCfg = Release|Any CPU
		{6E7A48C7-D61B-4DA6-9F37-5D0762E6F49D}.Release|x86.Build.0 = Release|Any CPU
		{77ED0328-FDFC-4D8E-8308-2A5AB453E699}.Debug|Any CPU.ActiveCfg = Debug|Any CPU
		{77ED0328-FDFC-4D8E-8308-2A5AB453E699}.Debug|Any CPU.Build.0 = Debug|Any CPU
		{77ED0328-FDFC-4D8E-8308-2A5AB453E699}.Debug|x64.ActiveCfg = Debug|Any CPU
		{77ED0328-FDFC-4D8E-8308-2A5AB453E699}.Debug|x64.Build.0 = Debug|Any CPU
		{77ED0328-FDFC-4D8E-8308-2A5AB453E699}.Debug|x86.ActiveCfg = Debug|Any CPU
		{77ED0328-FDFC-4D8E-8308-2A5AB453E699}.Debug|x86.Build.0 = Debug|Any CPU
		{77ED0328-FDFC-4D8E-8308-2A5AB453E699}.Release|Any CPU.ActiveCfg = Release|Any CPU
		{77ED0328-FDFC-4D8E-8308-2A5AB453E699}.Release|Any CPU.Build.0 = Release|Any CPU
		{77ED0328-FDFC-4D8E-8308-2A5AB453E699}.Release|x64.ActiveCfg = Release|Any CPU
		{77ED0328-FDFC-4D8E-8308-2A5AB453E699}.Release|x64.Build.0 = Release|Any CPU
		{77ED0328-FDFC-4D8E-8308-2A5AB453E699}.Release|x86.ActiveCfg = Release|Any CPU
		{77ED0328-FDFC-4D8E-8308-2A5AB453E699}.Release|x86.Build.0 = Release|Any CPU
	EndGlobalSection
	GlobalSection(SolutionProperties) = preSolution
		HideSolutionNode = FALSE
	EndGlobalSection
EndGlobal
